
Microsoft Visual Studio Solution File, Format Version 12.00
# Visual Studio Version 16
VisualStudioVersion = 16.0.30907.101
MinimumVisualStudioVersion = 10.0.40219.1
Project("{FAE04EC0-301F-11D3-BF4B-00C04F79EFBC}") = "Rozetka", "Rozetka\Rozetka.csproj", "{425C60F4-7A66-4BD2-A9EA-5BF4054C5F90}"
EndProject
Global
	GlobalSection(SolutionConfigurationPlatforms) = preSolution
		Debug|Any CPU = Debug|Any CPU
		Release|Any CPU = Release|Any CPU
	EndGlobalSection
	GlobalSection(ProjectConfigurationPlatforms) = postSolution
		{425C60F4-7A66-4BD2-A9EA-5BF4054C5F90}.Debug|Any CPU.ActiveCfg = Debug|Any CPU
		{425C60F4-7A66-4BD2-A9EA-5BF4054C5F90}.Debug|Any CPU.Build.0 = Debug|Any CPU
		{425C60F4-7A66-4BD2-A9EA-5BF4054C5F90}.Release|Any CPU.ActiveCfg = Release|Any CPU
		{425C60F4-7A66-4BD2-A9EA-5BF4054C5F90}.Release|Any CPU.Build.0 = Release|Any CPU
	EndGlobalSection
	GlobalSection(SolutionProperties) = preSolution
		HideSolutionNode = FALSE
	EndGlobalSection
	GlobalSection(ExtensibilityGlobals) = postSolution
		SolutionGuid = {8C735B80-B5CB-4E92-8037-309845188D4F}
	EndGlobalSection
EndGlobal
